# THIS IS AN AUTOGENERATED FILE. DO NOT EDIT THIS FILE DIRECTLY.
# yarn lockfile v1


"@types/d3-array@*":
  version "1.2.2"
  resolved "https://registry.yarnpkg.com/@types/d3-array/-/d3-array-1.2.2.tgz#29edf3e2001e5f4e33e899fcda52ee2387401792"

"@types/d3-axis@*":
  version "1.0.11"
  resolved "https://registry.yarnpkg.com/@types/d3-axis/-/d3-axis-1.0.11.tgz#efd975f9fec14c2afd03828f3acec0ef97d37c3b"
  dependencies:
    "@types/d3-selection" "*"

"@types/d3-brush@*":
  version "1.0.9"
  resolved "https://registry.yarnpkg.com/@types/d3-brush/-/d3-brush-1.0.9.tgz#c71070845946eeee4cf330e04123a3997e6476bf"
  dependencies:
    "@types/d3-selection" "*"

"@types/d3-chord@*":
  version "1.0.8"
  resolved "https://registry.yarnpkg.com/@types/d3-chord/-/d3-chord-1.0.8.tgz#08c0fbb10281be0a5b3fdf48c9c081af02f79fb6"

"@types/d3-collection@*":
  version "1.0.7"
  resolved "https://registry.yarnpkg.com/@types/d3-collection/-/d3-collection-1.0.7.tgz#829e1db477d6bbbcdc038cbc489f22798752d707"

"@types/d3-color@*":
  version "1.2.1"
  resolved "https://registry.yarnpkg.com/@types/d3-color/-/d3-color-1.2.1.tgz#26141c3c554e320edd40726b793570a3ae57397e"

"@types/d3-contour@*":
  version "1.2.1"
  resolved "https://registry.yarnpkg.com/@types/d3-contour/-/d3-contour-1.2.1.tgz#03d4f9849f8b99f841d2adf6f59b2dcf06987178"
  dependencies:
    "@types/d3-array" "*"
    "@types/geojson" "*"

"@types/d3-dispatch@*":
  version "1.0.6"
  resolved "https://registry.yarnpkg.com/@types/d3-dispatch/-/d3-dispatch-1.0.6.tgz#19b173f669cd2ab7dd3d862e8037aae1a98c7508"

"@types/d3-drag@*":
  version "1.2.1"
  resolved "https://registry.yarnpkg.com/@types/d3-drag/-/d3-drag-1.2.1.tgz#6394bcf2f6414140b3b0d521259cadc6fa1da926"
  dependencies:
    "@types/d3-selection" "*"

"@types/d3-dsv@*":
  version "1.0.33"
  resolved "https://registry.yarnpkg.com/@types/d3-dsv/-/d3-dsv-1.0.33.tgz#18de1867927f7ec898671aef82f730f16d4c7fcb"

"@types/d3-ease@*":
  version "1.0.7"
  resolved "https://registry.yarnpkg.com/@types/d3-ease/-/d3-ease-1.0.7.tgz#93a301868be9e15061f3d44343b1ab3f8acb6f09"

"@types/d3-fetch@*":
  version "1.1.2"
  resolved "https://registry.yarnpkg.com/@types/d3-fetch/-/d3-fetch-1.1.2.tgz#a59921477e25850ca6b3353e03d5d29e5a0e8e03"
  dependencies:
    "@types/d3-dsv" "*"

"@types/d3-force@*":
  version "1.1.1"
  resolved "https://registry.yarnpkg.com/@types/d3-force/-/d3-force-1.1.1.tgz#185c18b77932df63457894bd36d0d6e9692546c0"

"@types/d3-format@*":
  version "1.3.0"
  resolved "https://registry.yarnpkg.com/@types/d3-format/-/d3-format-1.3.0.tgz#c5e115fac8e6861ce656fe9861892b22f6b0cfcb"

"@types/d3-geo@*":
  version "1.10.3"
  resolved "https://registry.yarnpkg.com/@types/d3-geo/-/d3-geo-1.10.3.tgz#3c01b2baa480e1108301096328dc2837e7ff4d8a"
  dependencies:
    "@types/geojson" "*"

"@types/d3-hierarchy@*":
  version "1.1.4"
  resolved "https://registry.yarnpkg.com/@types/d3-hierarchy/-/d3-hierarchy-1.1.4.tgz#b04dfcb1f2074da789ada10fe4942d13f0bce421"

"@types/d3-interpolate@*":
  version "1.3.0"
  resolved "https://registry.yarnpkg.com/@types/d3-interpolate/-/d3-interpolate-1.3.0.tgz#65b9627900bfdd82474875d9b23d574a4388af7c"
  dependencies:
    "@types/d3-color" "*"

"@types/d3-path@*":
  version "1.0.7"
  resolved "https://registry.yarnpkg.com/@types/d3-path/-/d3-path-1.0.7.tgz#a0736fceed688a695f48265a82ff7a3369414b81"

"@types/d3-polygon@*":
  version "1.0.6"
  resolved "https://registry.yarnpkg.com/@types/d3-polygon/-/d3-polygon-1.0.6.tgz#db25c630a2afb9191fe51ba61dd37baee9dd44c7"

"@types/d3-quadtree@*":
  version "1.0.6"
  resolved "https://registry.yarnpkg.com/@types/d3-quadtree/-/d3-quadtree-1.0.6.tgz#45da9e603688ba90eedd3d40f6e504764e06e493"

"@types/d3-random@*":
  version "1.1.1"
  resolved "https://registry.yarnpkg.com/@types/d3-random/-/d3-random-1.1.1.tgz#38647ce2ff4ce7d0d56974334c1c4092513c8b9f"

"@types/d3-scale-chromatic@*":
  version "1.3.0"
  resolved "https://registry.yarnpkg.com/@types/d3-scale-chromatic/-/d3-scale-chromatic-1.3.0.tgz#b8b58a7a262a583fc1c95ce851d5a75811875034"

"@types/d3-scale@*":
  version "2.0.2"
  resolved "https://registry.yarnpkg.com/@types/d3-scale/-/d3-scale-2.0.2.tgz#61145948aa1a52ab31384766cd013308699112b3"
  dependencies:
    "@types/d3-time" "*"

"@types/d3-selection@*":
  version "1.3.2"
  resolved "https://registry.yarnpkg.com/@types/d3-selection/-/d3-selection-1.3.2.tgz#dd5661a560ba9ce3aba823c424b8d4a1bc7e833f"

"@types/d3-shape@*":
  version "1.2.4"
  resolved "https://registry.yarnpkg.com/@types/d3-shape/-/d3-shape-1.2.4.tgz#e65585f2254d83ae42c47af2e730dd9b97952996"
  dependencies:
    "@types/d3-path" "*"

"@types/d3-time-format@*":
  version "2.1.0"
  resolved "https://registry.yarnpkg.com/@types/d3-time-format/-/d3-time-format-2.1.0.tgz#011e0fb7937be34a9a8f580ae1e2f2f1336a8a22"

"@types/d3-time@*":
  version "1.0.9"
  resolved "https://registry.yarnpkg.com/@types/d3-time/-/d3-time-1.0.9.tgz#c2cf05a3cd51f810b8d8a9bbca0c74030d4e535e"

"@types/d3-timer@*":
  version "1.0.8"
  resolved "https://registry.yarnpkg.com/@types/d3-timer/-/d3-timer-1.0.8.tgz#a3441d9605367059e14ad8c3494132143cbc8d58"

"@types/d3-transition@*":
  version "1.1.3"
  resolved "https://registry.yarnpkg.com/@types/d3-transition/-/d3-transition-1.1.3.tgz#efcf4941dae22135d595514ba488f4f370d396b0"
  dependencies:
    "@types/d3-selection" "*"

"@types/d3-voronoi@*":
  version "1.1.8"
  resolved "https://registry.yarnpkg.com/@types/d3-voronoi/-/d3-voronoi-1.1.8.tgz#a039cb8368bce4efc1a70aebe744d210851cf1a7"

"@types/d3-zoom@*":
  version "1.7.2"
  resolved "https://registry.yarnpkg.com/@types/d3-zoom/-/d3-zoom-1.7.2.tgz#ee67f063199c179949d83b6b1e6166207de5f06e"
  dependencies:
    "@types/d3-interpolate" "*"
    "@types/d3-selection" "*"

"@types/d3@^5.0.0":
  version "5.0.0"
  resolved "https://registry.yarnpkg.com/@types/d3/-/d3-5.0.0.tgz#fec49f2aea0f0784f829eff38132926e92676d57"
  dependencies:
    "@types/d3-array" "*"
    "@types/d3-axis" "*"
    "@types/d3-brush" "*"
    "@types/d3-chord" "*"
    "@types/d3-collection" "*"
    "@types/d3-color" "*"
    "@types/d3-contour" "*"
    "@types/d3-dispatch" "*"
    "@types/d3-drag" "*"
    "@types/d3-dsv" "*"
    "@types/d3-ease" "*"
    "@types/d3-fetch" "*"
    "@types/d3-force" "*"
    "@types/d3-format" "*"
    "@types/d3-geo" "*"
    "@types/d3-hierarchy" "*"
    "@types/d3-interpolate" "*"
    "@types/d3-path" "*"
    "@types/d3-polygon" "*"
    "@types/d3-quadtree" "*"
    "@types/d3-random" "*"
    "@types/d3-scale" "*"
    "@types/d3-scale-chromatic" "*"
    "@types/d3-selection" "*"
    "@types/d3-shape" "*"
    "@types/d3-time" "*"
    "@types/d3-time-format" "*"
    "@types/d3-timer" "*"
    "@types/d3-transition" "*"
    "@types/d3-voronoi" "*"
    "@types/d3-zoom" "*"

"@types/geojson@*":
  version "7946.0.4"
  resolved "https://registry.yarnpkg.com/@types/geojson/-/geojson-7946.0.4.tgz#4e049756383c3f055dd8f3d24e63fb543e98eb07"

"@types/lodash@^4.14.116":
  version "4.14.116"
  resolved "https://registry.yarnpkg.com/@types/lodash/-/lodash-4.14.116.tgz#5ccf215653e3e8c786a58390751033a9adca0eb9"

commander@2:
  version "2.18.0"
  resolved "https://registry.yarnpkg.com/commander/-/commander-2.18.0.tgz#2bf063ddee7c7891176981a2cc798e5754bc6970"

d3-array@1, d3-array@^1.1.1, d3-array@^1.2.0:
  version "1.2.4"
  resolved "https://registry.yarnpkg.com/d3-array/-/d3-array-1.2.4.tgz#635ce4d5eea759f6f605863dbcfc30edc737f71f"

d3-axis@1:
  version "1.0.12"
  resolved "https://registry.yarnpkg.com/d3-axis/-/d3-axis-1.0.12.tgz#cdf20ba210cfbb43795af33756886fb3638daac9"

d3-brush@1:
  version "1.0.6"
  resolved "https://registry.yarnpkg.com/d3-brush/-/d3-brush-1.0.6.tgz#33691f2032d9db6c5d8cb684ff255a9883629e21"
  dependencies:
    d3-dispatch "1"
    d3-drag "1"
    d3-interpolate "1"
    d3-selection "1"
    d3-transition "1"

d3-chord@1:
  version "1.0.6"
  resolved "https://registry.yarnpkg.com/d3-chord/-/d3-chord-1.0.6.tgz#309157e3f2db2c752f0280fedd35f2067ccbb15f"
  dependencies:
    d3-array "1"
    d3-path "1"

d3-collection@1:
  version "1.0.7"
  resolved "https://registry.yarnpkg.com/d3-collection/-/d3-collection-1.0.7.tgz#349bd2aa9977db071091c13144d5e4f16b5b310e"

d3-color@1:
  version "1.2.3"
  resolved "https://registry.yarnpkg.com/d3-color/-/d3-color-1.2.3.tgz#6c67bb2af6df3cc8d79efcc4d3a3e83e28c8048f"

d3-contour@1:
  version "1.3.2"
  resolved "https://registry.yarnpkg.com/d3-contour/-/d3-contour-1.3.2.tgz#652aacd500d2264cb3423cee10db69f6f59bead3"
  dependencies:
    d3-array "^1.1.1"

d3-dispatch@1:
  version "1.0.5"
  resolved "https://registry.yarnpkg.com/d3-dispatch/-/d3-dispatch-1.0.5.tgz#e25c10a186517cd6c82dd19ea018f07e01e39015"

d3-drag@1:
  version "1.2.3"
  resolved "https://registry.yarnpkg.com/d3-drag/-/d3-drag-1.2.3.tgz#46e206ad863ec465d88c588098a1df444cd33c64"
  dependencies:
    d3-dispatch "1"
    d3-selection "1"

d3-dsv@1:
  version "1.0.10"
  resolved "https://registry.yarnpkg.com/d3-dsv/-/d3-dsv-1.0.10.tgz#4371c489a2a654a297aca16fcaf605a6f31a6f51"
  dependencies:
    commander "2"
    iconv-lite "0.4"
    rw "1"

d3-ease@1:
  version "1.0.5"
  resolved "https://registry.yarnpkg.com/d3-ease/-/d3-ease-1.0.5.tgz#8ce59276d81241b1b72042d6af2d40e76d936ffb"

d3-fetch@1:
  version "1.1.2"
  resolved "https://registry.yarnpkg.com/d3-fetch/-/d3-fetch-1.1.2.tgz#957c8fbc6d4480599ba191b1b2518bf86b3e1be2"
  dependencies:
    d3-dsv "1"

d3-force@1:
  version "1.1.2"
  resolved "https://registry.yarnpkg.com/d3-force/-/d3-force-1.1.2.tgz#16664d0ac71d8727ef5effe0b374feac8050d6cd"
  dependencies:
    d3-collection "1"
    d3-dispatch "1"
    d3-quadtree "1"
    d3-timer "1"

d3-format@1:
  version "1.3.2"
  resolved "https://registry.yarnpkg.com/d3-format/-/d3-format-1.3.2.tgz#6a96b5e31bcb98122a30863f7d92365c00603562"

d3-geo@1:
  version "1.11.1"
  resolved "https://registry.yarnpkg.com/d3-geo/-/d3-geo-1.11.1.tgz#3f35e582c0d29296618b02a8ade0fdffb2c0e63c"
  dependencies:
    d3-array "1"

d3-hierarchy@1:
  version "1.1.8"
  resolved "https://registry.yarnpkg.com/d3-hierarchy/-/d3-hierarchy-1.1.8.tgz#7a6317bd3ed24e324641b6f1e76e978836b008cc"

d3-interpolate@1:
  version "1.3.2"
  resolved "https://registry.yarnpkg.com/d3-interpolate/-/d3-interpolate-1.3.2.tgz#417d3ebdeb4bc4efcc8fd4361c55e4040211fd68"
  dependencies:
    d3-color "1"

d3-path@1:
  version "1.0.7"
  resolved "https://registry.yarnpkg.com/d3-path/-/d3-path-1.0.7.tgz#8de7cd693a75ac0b5480d3abaccd94793e58aae8"

d3-polygon@1:
  version "1.0.5"
  resolved "https://registry.yarnpkg.com/d3-polygon/-/d3-polygon-1.0.5.tgz#9a645a0a64ff6cbf9efda96ee0b4a6909184c363"

d3-quadtree@1:
  version "1.0.5"
  resolved "https://registry.yarnpkg.com/d3-quadtree/-/d3-quadtree-1.0.5.tgz#305394840b01f51a341a0da5008585e837fe7e9b"

d3-random@1:
  version "1.1.2"
  resolved "https://registry.yarnpkg.com/d3-random/-/d3-random-1.1.2.tgz#2833be7c124360bf9e2d3fd4f33847cfe6cab291"

d3-scale-chromatic@1:
  version "1.3.3"
  resolved "https://registry.yarnpkg.com/d3-scale-chromatic/-/d3-scale-chromatic-1.3.3.tgz#dad4366f0edcb288f490128979c3c793583ed3c0"
  dependencies:
    d3-color "1"
    d3-interpolate "1"

d3-scale@2:
  version "2.1.2"
  resolved "https://registry.yarnpkg.com/d3-scale/-/d3-scale-2.1.2.tgz#4e932b7b60182aee9073ede8764c98423e5f9a94"
  dependencies:
    d3-array "^1.2.0"
    d3-collection "1"
    d3-format "1"
    d3-interpolate "1"
    d3-time "1"
    d3-time-format "2"

d3-selection@1, d3-selection@^1.1.0:
  version "1.3.2"
  resolved "https://registry.yarnpkg.com/d3-selection/-/d3-selection-1.3.2.tgz#6e70a9df60801c8af28ac24d10072d82cbfdf652"

d3-shape@1:
  version "1.2.2"
  resolved "https://registry.yarnpkg.com/d3-shape/-/d3-shape-1.2.2.tgz#f9dba3777a5825f9a8ce8bc928da08c17679e9a7"
  dependencies:
    d3-path "1"

d3-time-format@2:
  version "2.1.3"
  resolved "https://registry.yarnpkg.com/d3-time-format/-/d3-time-format-2.1.3.tgz#ae06f8e0126a9d60d6364eac5b1533ae1bac826b"
  dependencies:
    d3-time "1"

d3-time@1:
  version "1.0.10"
  resolved "https://registry.yarnpkg.com/d3-time/-/d3-time-1.0.10.tgz#8259dd71288d72eeacfd8de281c4bf5c7393053c"

d3-timer@1:
  version "1.0.9"
  resolved "https://registry.yarnpkg.com/d3-timer/-/d3-timer-1.0.9.tgz#f7bb8c0d597d792ff7131e1c24a36dd471a471ba"

d3-transition@1:
  version "1.1.3"
  resolved "https://registry.yarnpkg.com/d3-transition/-/d3-transition-1.1.3.tgz#3a435b05ce9cef9524fe0d38121cfb6905331ca6"
  dependencies:
    d3-color "1"
    d3-dispatch "1"
    d3-ease "1"
    d3-interpolate "1"
    d3-selection "^1.1.0"
    d3-timer "1"

d3-voronoi@1:
  version "1.1.4"
  resolved "https://registry.yarnpkg.com/d3-voronoi/-/d3-voronoi-1.1.4.tgz#dd3c78d7653d2bb359284ae478645d95944c8297"

d3-zoom@1:
  version "1.7.3"
  resolved "https://registry.yarnpkg.com/d3-zoom/-/d3-zoom-1.7.3.tgz#f444effdc9055c38077c4299b4df999eb1d47ccb"
  dependencies:
    d3-dispatch "1"
    d3-drag "1"
    d3-interpolate "1"
    d3-selection "1"
    d3-transition "1"

d3@^5.7.0:
  version "5.7.0"
  resolved "https://registry.yarnpkg.com/d3/-/d3-5.7.0.tgz#f189d338bdde62acf02f308918e0ec34dd7568f9"
  dependencies:
    d3-array "1"
    d3-axis "1"
    d3-brush "1"
    d3-chord "1"
    d3-collection "1"
    d3-color "1"
    d3-contour "1"
    d3-dispatch "1"
    d3-drag "1"
    d3-dsv "1"
    d3-ease "1"
    d3-fetch "1"
    d3-force "1"
    d3-format "1"
    d3-geo "1"
    d3-hierarchy "1"
    d3-interpolate "1"
    d3-path "1"
    d3-polygon "1"
    d3-quadtree "1"
    d3-random "1"
    d3-scale "2"
    d3-scale-chromatic "1"
    d3-selection "1"
    d3-shape "1"
    d3-time "1"
    d3-time-format "2"
    d3-timer "1"
    d3-transition "1"
    d3-voronoi "1"
    d3-zoom "1"

iconv-lite@0.4:
  version "0.4.24"
  resolved "https://registry.yarnpkg.com/iconv-lite/-/iconv-lite-0.4.24.tgz#2022b4b25fbddc21d2f524974a474aafe733908b"
  dependencies:
    safer-buffer ">= 2.1.2 < 3"

lodash@^4.17.11:
  version "4.17.11"
  resolved "https://registry.yarnpkg.com/lodash/-/lodash-4.17.11.tgz#b39ea6229ef607ecd89e2c8df12536891cac9b8d"

rw@1:
  version "1.3.3"
  resolved "https://registry.yarnpkg.com/rw/-/rw-1.3.3.tgz#3f862dfa91ab766b14885ef4d01124bfda074fb4"

"safer-buffer@>= 2.1.2 < 3":
  version "2.1.2"
  resolved "https://registry.yarnpkg.com/safer-buffer/-/safer-buffer-2.1.2.tgz#44fa161b0187b9549dd84bb91802f9bd8385cd6a"
